
Microsoft Visual Studio Solution File, Format Version 12.00
# Visual Studio Version 16
VisualStudioVersion = 16.0.29806.167
MinimumVisualStudioVersion = 10.0.40219.1
Project("{FAE04EC0-301F-11D3-BF4B-00C04F79EFBC}") = "Dependency Injection Lifetime", "Dependency Injection Lifetime\Dependency Injection Lifetime.csproj", "{47D8B34B-627F-416E-9A64-78F2791628F0}"
EndProject
Global
	GlobalSection(SolutionConfigurationPlatforms) = preSolution
		Debug|Any CPU = Debug|Any CPU
		Release|Any CPU = Release|Any CPU
	EndGlobalSection
	GlobalSection(ProjectConfigurationPlatforms) = postSolution
		{47D8B34B-627F-416E-9A64-78F2791628F0}.Debug|Any CPU.ActiveCfg = Debug|Any CPU
		{47D8B34B-627F-416E-9A64-78F2791628F0}.Debug|Any CPU.Build.0 = Debug|Any CPU
		{47D8B34B-627F-416E-9A64-78F2791628F0}.Release|Any CPU.ActiveCfg = Release|Any CPU
		{47D8B34B-627F-416E-9A64-78F2791628F0}.Release|Any CPU.Build.0 = Release|Any CPU
	EndGlobalSection
	GlobalSection(SolutionProperties) = preSolution
		HideSolutionNode = FALSE
	EndGlobalSection
	GlobalSection(ExtensibilityGlobals) = postSolution
		SolutionGuid = {D95E63C4-6037-4403-A89E-77E8FE1F9247}
	EndGlobalSection
EndGlobal
